
Microsoft Visual Studio Solution File, Format Version 12.00
# Visual Studio Version 17
VisualStudioVersion = 17.2.32630.192
MinimumVisualStudioVersion = 10.0.40219.1
Project("{FAE04EC0-301F-11D3-BF4B-00C04F79EFBC}") = "CG.FACTUR", "CG.FACTUR\CG.FACTUR.csproj", "{31E5CF55-062A-418D-82D9-549730CC8F6C}"
EndProject
Global
	GlobalSection(SolutionConfigurationPlatforms) = preSolution
		Debug|Any CPU = Debug|Any CPU
		Release|Any CPU = Release|Any CPU
	EndGlobalSection
	GlobalSection(ProjectConfigurationPlatforms) = postSolution
		{31E5CF55-062A-418D-82D9-549730CC8F6C}.Debug|Any CPU.ActiveCfg = Debug|Any CPU
		{31E5CF55-062A-418D-82D9-549730CC8F6C}.Debug|Any CPU.Build.0 = Debug|Any CPU
		{31E5CF55-062A-418D-82D9-549730CC8F6C}.Release|Any CPU.ActiveCfg = Release|Any CPU
		{31E5CF55-062A-418D-82D9-549730CC8F6C}.Release|Any CPU.Build.0 = Release|Any CPU
	EndGlobalSection
	GlobalSection(SolutionProperties) = preSolution
		HideSolutionNode = FALSE
	EndGlobalSection
	GlobalSection(ExtensibilityGlobals) = postSolution
		SolutionGuid = {D263AA0D-1696-46D4-B3E0-5C9F67EE08E5}
	EndGlobalSection
EndGlobal
